// !$*UTF8*$!
{
	archiveVersion = 1;
	classes = {
	};
	objectVersion = 48;
	objects = {

/* Begin PBXBuildFile section */
		5CD363C9203D5003003216C4 /* AppDelegate.swift in Sources */ = {isa = PBXBuildFile; fileRef = 5CD363C8203D5003003216C4 /* AppDelegate.swift */; };
		5CD363D0203D5003003216C4 /* Assets.xcassets in Resources */ = {isa = PBXBuildFile; fileRef = 5CD363CF203D5003003216C4 /* Assets.xcassets */; };
		5CD363D3203D5003003216C4 /* LaunchScreen.storyboard in Resources */ = {isa = PBXBuildFile; fileRef = 5CD363D1203D5003003216C4 /* LaunchScreen.storyboard */; };
		5CD363DC203D52E1003216C4 /* BaseViewController.swift in Sources */ = {isa = PBXBuildFile; fileRef = 5CD363DB203D52E1003216C4 /* BaseViewController.swift */; };
		5CD363DE203D537C003216C4 /* MainViewController.swift in Sources */ = {isa = PBXBuildFile; fileRef = 5CD363DD203D537C003216C4 /* MainViewController.swift */; };
		5CD363E9203D5581003216C4 /* RxAlamofire+ObjectMapper.swift in Sources */ = {isa = PBXBuildFile; fileRef = 5CD363E8203D5581003216C4 /* RxAlamofire+ObjectMapper.swift */; };
		5CD363EC203D55A7003216C4 /* Api.swift in Sources */ = {isa = PBXBuildFile; fileRef = 5CD363EB203D55A7003216C4 /* Api.swift */; };
		5CD363EE203D55BA003216C4 /* Api+User.swift in Sources */ = {isa = PBXBuildFile; fileRef = 5CD363ED203D55BA003216C4 /* Api+User.swift */; };
		5CD363F0203D55DC003216C4 /* User.swift in Sources */ = {isa = PBXBuildFile; fileRef = 5CD363EF203D55DC003216C4 /* User.swift */; };
		5CD363F3203D562D003216C4 /* MainViewModel.swift in Sources */ = {isa = PBXBuildFile; fileRef = 5CD363F2203D562D003216C4 /* MainViewModel.swift */; };
		5CD363F7203D575E003216C4 /* DisposeBagExtension.swift in Sources */ = {isa = PBXBuildFile; fileRef = 5CD363F6203D575E003216C4 /* DisposeBagExtension.swift */; };
		5CD363FA203D57A4003216C4 /* UserTableCell.swift in Sources */ = {isa = PBXBuildFile; fileRef = 5CD363F9203D57A4003216C4 /* UserTableCell.swift */; };
		5CD36401203D68E8003216C4 /* LICENSE in Resources */ = {isa = PBXBuildFile; fileRef = 5CD36400203D68E8003216C4 /* LICENSE */; };
		5CD36403203D6C9A003216C4 /* Todo.swift in Sources */ = {isa = PBXBuildFile; fileRef = 5CD36402203D6C9A003216C4 /* Todo.swift */; };
		5CD36405203D6CC2003216C4 /* TodoTableCell.swift in Sources */ = {isa = PBXBuildFile; fileRef = 5CD36404203D6CC2003216C4 /* TodoTableCell.swift */; };
		5CD36407203D6CF8003216C4 /* PostTableCell.swift in Sources */ = {isa = PBXBuildFile; fileRef = 5CD36406203D6CF8003216C4 /* PostTableCell.swift */; };
		5CD36409203D6D14003216C4 /* Post.swift in Sources */ = {isa = PBXBuildFile; fileRef = 5CD36408203D6D14003216C4 /* Post.swift */; };
		5CD3640B203D6D32003216C4 /* Api+Todo.swift in Sources */ = {isa = PBXBuildFile; fileRef = 5CD3640A203D6D32003216C4 /* Api+Todo.swift */; };
		5CD3640D203D6D6A003216C4 /* Api+Post.swift in Sources */ = {isa = PBXBuildFile; fileRef = 5CD3640C203D6D6A003216C4 /* Api+Post.swift */; };
		5CD36410203D7990003216C4 /* MainSectionData.swift in Sources */ = {isa = PBXBuildFile; fileRef = 5CD3640F203D7990003216C4 /* MainSectionData.swift */; };
		B90882A2A46602EF72F2ACE2 /* Pods_RxSwiftMVVMTableView.framework in Frameworks */ = {isa = PBXBuildFile; fileRef = 0EC273006D6D399E8D860785 /* Pods_RxSwiftMVVMTableView.framework */; };
/* End PBXBuildFile section */

/* Begin PBXFileReference section */
		0EC273006D6D399E8D860785 /* Pods_RxSwiftMVVMTableView.framework */ = {isa = PBXFileReference; explicitFileType = wrapper.framework; includeInIndex = 0; path = Pods_RxSwiftMVVMTableView.framework; sourceTree = BUILT_PRODUCTS_DIR; };
		12A1ACA45DF924C586F566A8 /* Pods-RxSwiftMVVMTableView.release.xcconfig */ = {isa = PBXFileReference; includeInIndex = 1; lastKnownFileType = text.xcconfig; name = "Pods-RxSwiftMVVMTableView.release.xcconfig"; path = "Pods/Target Support Files/Pods-RxSwiftMVVMTableView/Pods-RxSwiftMVVMTableView.release.xcconfig"; sourceTree = "<group>"; };
		5CD363C5203D5003003216C4 /* RxSwiftMVVMTableView.app */ = {isa = PBXFileReference; explicitFileType = wrapper.application; includeInIndex = 0; path = RxSwiftMVVMTableView.app; sourceTree = BUILT_PRODUCTS_DIR; };
		5CD363C8203D5003003216C4 /* AppDelegate.swift */ = {isa = PBXFileReference; lastKnownFileType = sourcecode.swift; path = AppDelegate.swift; sourceTree = "<group>"; };
		5CD363CF203D5003003216C4 /* Assets.xcassets */ = {isa = PBXFileReference; lastKnownFileType = folder.assetcatalog; path = Assets.xcassets; sourceTree = "<group>"; };
		5CD363D2203D5003003216C4 /* Base */ = {isa = PBXFileReference; lastKnownFileType = file.storyboard; name = Base; path = Base.lproj/LaunchScreen.storyboard; sourceTree = "<group>"; };
		5CD363D4203D5003003216C4 /* Info.plist */ = {isa = PBXFileReference; lastKnownFileType = text.plist.xml; path = Info.plist; sourceTree = "<group>"; };
		5CD363DB203D52E1003216C4 /* BaseViewController.swift */ = {isa = PBXFileReference; lastKnownFileType = sourcecode.swift; path = BaseViewController.swift; sourceTree = "<group>"; };
		5CD363DD203D537C003216C4 /* MainViewController.swift */ = {isa = PBXFileReference; lastKnownFileType = sourcecode.swift; path = MainViewController.swift; sourceTree = "<group>"; };
		5CD363E8203D5581003216C4 /* RxAlamofire+ObjectMapper.swift */ = {isa = PBXFileReference; lastKnownFileType = sourcecode.swift; path = "RxAlamofire+ObjectMapper.swift"; sourceTree = "<group>"; };
		5CD363EB203D55A7003216C4 /* Api.swift */ = {isa = PBXFileReference; lastKnownFileType = sourcecode.swift; path = Api.swift; sourceTree = "<group>"; };
		5CD363ED203D55BA003216C4 /* Api+User.swift */ = {isa = PBXFileReference; lastKnownFileType = sourcecode.swift; path = "Api+User.swift"; sourceTree = "<group>"; };
		5CD363EF203D55DC003216C4 /* User.swift */ = {isa = PBXFileReference; lastKnownFileType = sourcecode.swift; path = User.swift; sourceTree = "<group>"; };
		5CD363F2203D562D003216C4 /* MainViewModel.swift */ = {isa = PBXFileReference; lastKnownFileType = sourcecode.swift; path = MainViewModel.swift; sourceTree = "<group>"; };
		5CD363F6203D575E003216C4 /* DisposeBagExtension.swift */ = {isa = PBXFileReference; lastKnownFileType = sourcecode.swift; path = DisposeBagExtension.swift; sourceTree = "<group>"; };
		5CD363F9203D57A4003216C4 /* UserTableCell.swift */ = {isa = PBXFileReference; lastKnownFileType = sourcecode.swift; path = UserTableCell.swift; sourceTree = "<group>"; };
		5CD363FF203D614D003216C4 /* README.md */ = {isa = PBXFileReference; lastKnownFileType = net.daringfireball.markdown; path = README.md; sourceTree = "<group>"; };
		5CD36400203D68E8003216C4 /* LICENSE */ = {isa = PBXFileReference; lastKnownFileType = text; path = LICENSE; sourceTree = "<group>"; };
		5CD36402203D6C9A003216C4 /* Todo.swift */ = {isa = PBXFileReference; lastKnownFileType = sourcecode.swift; path = Todo.swift; sourceTree = "<group>"; };
		5CD36404203D6CC2003216C4 /* TodoTableCell.swift */ = {isa = PBXFileReference; lastKnownFileType = sourcecode.swift; path = TodoTableCell.swift; sourceTree = "<group>"; };
		5CD36406203D6CF8003216C4 /* PostTableCell.swift */ = {isa = PBXFileReference; lastKnownFileType = sourcecode.swift; path = PostTableCell.swift; sourceTree = "<group>"; };
		5CD36408203D6D14003216C4 /* Post.swift */ = {isa = PBXFileReference; lastKnownFileType = sourcecode.swift; path = Post.swift; sourceTree = "<group>"; };
		5CD3640A203D6D32003216C4 /* Api+Todo.swift */ = {isa = PBXFileReference; lastKnownFileType = sourcecode.swift; path = "Api+Todo.swift"; sourceTree = "<group>"; };
		5CD3640C203D6D6A003216C4 /* Api+Post.swift */ = {isa = PBXFileReference; lastKnownFileType = sourcecode.swift; path = "Api+Post.swift"; sourceTree = "<group>"; };
		5CD3640F203D7990003216C4 /* MainSectionData.swift */ = {isa = PBXFileReference; lastKnownFileType = sourcecode.swift; path = MainSectionData.swift; sourceTree = "<group>"; };
		901E702EC6F970997CE74A26 /* Pods-RxSwiftMVVMTableView.debug.xcconfig */ = {isa = PBXFileReference; includeInIndex = 1; lastKnownFileType = text.xcconfig; name = "Pods-RxSwiftMVVMTableView.debug.xcconfig"; path = "Pods/Target Support Files/Pods-RxSwiftMVVMTableView/Pods-RxSwiftMVVMTableView.debug.xcconfig"; sourceTree = "<group>"; };
/* End PBXFileReference section */

/* Begin PBXFrameworksBuildPhase section */
		5CD363C2203D5003003216C4 /* Frameworks */ = {
			isa = PBXFrameworksBuildPhase;
			buildActionMask = 2147483647;
			files = (
				B90882A2A46602EF72F2ACE2 /* Pods_RxSwiftMVVMTableView.framework in Frameworks */,
			);
			runOnlyForDeploymentPostprocessing = 0;
		};
/* End PBXFrameworksBuildPhase section */

/* Begin PBXGroup section */
		4C63569927E7B387EA0BD003 /* Pods */ = {
			isa = PBXGroup;
			children = (
				901E702EC6F970997CE74A26 /* Pods-RxSwiftMVVMTableView.debug.xcconfig */,
				12A1ACA45DF924C586F566A8 /* Pods-RxSwiftMVVMTableView.release.xcconfig */,
			);
			name = Pods;
			sourceTree = "<group>";
		};
		5CD363BC203D5002003216C4 = {
			isa = PBXGroup;
			children = (
				5CD36400203D68E8003216C4 /* LICENSE */,
				5CD363FF203D614D003216C4 /* README.md */,
				5CD363C7203D5003003216C4 /* RxSwiftMVVMTableView */,
				5CD363C6203D5003003216C4 /* Products */,
				4C63569927E7B387EA0BD003 /* Pods */,
				88C484123F39592D6E1D038E /* Frameworks */,
			);
			sourceTree = "<group>";
		};
		5CD363C6203D5003003216C4 /* Products */ = {
			isa = PBXGroup;
			children = (
				5CD363C5203D5003003216C4 /* RxSwiftMVVMTableView.app */,
			);
			name = Products;
			sourceTree = "<group>";
		};
		5CD363C7203D5003003216C4 /* RxSwiftMVVMTableView */ = {
			isa = PBXGroup;
			children = (
				5CD363EA203D559C003216C4 /* Api */,
				5CD363E7203D5578003216C4 /* Utils */,
				5CD363E4203D54ED003216C4 /* Models */,
				5CD363E0203D5432003216C4 /* Cells */,
				5CD363DA203D52D3003216C4 /* ViewControllers */,
				5CD363F1203D5618003216C4 /* ViewModels */,
				5CD363C8203D5003003216C4 /* AppDelegate.swift */,
				5CD363CF203D5003003216C4 /* Assets.xcassets */,
				5CD363D1203D5003003216C4 /* LaunchScreen.storyboard */,
				5CD363D4203D5003003216C4 /* Info.plist */,
			);
			path = RxSwiftMVVMTableView;
			sourceTree = "<group>";
		};
		5CD363DA203D52D3003216C4 /* ViewControllers */ = {
			isa = PBXGroup;
			children = (
				5CD363DB203D52E1003216C4 /* BaseViewController.swift */,
				5CD363DD203D537C003216C4 /* MainViewController.swift */,
			);
			path = ViewControllers;
			sourceTree = "<group>";
		};
		5CD363E0203D5432003216C4 /* Cells */ = {
			isa = PBXGroup;
			children = (
				5CD3640E203D7975003216C4 /* SectionDatas */,
				5CD363E1203D5436003216C4 /* TableViewCells */,
			);
			path = Cells;
			sourceTree = "<group>";
		};
		5CD363E1203D5436003216C4 /* TableViewCells */ = {
			isa = PBXGroup;
			children = (
				5CD363F9203D57A4003216C4 /* UserTableCell.swift */,
				5CD36404203D6CC2003216C4 /* TodoTableCell.swift */,
				5CD36406203D6CF8003216C4 /* PostTableCell.swift */,
			);
			path = TableViewCells;
			sourceTree = "<group>";
		};
		5CD363E4203D54ED003216C4 /* Models */ = {
			isa = PBXGroup;
			children = (
				5CD363EF203D55DC003216C4 /* User.swift */,
				5CD36402203D6C9A003216C4 /* Todo.swift */,
				5CD36408203D6D14003216C4 /* Post.swift */,
			);
			path = Models;
			sourceTree = "<group>";
		};
		5CD363E7203D5578003216C4 /* Utils */ = {
			isa = PBXGroup;
			children = (
				5CD363E8203D5581003216C4 /* RxAlamofire+ObjectMapper.swift */,
				5CD363F6203D575E003216C4 /* DisposeBagExtension.swift */,
			);
			path = Utils;
			sourceTree = "<group>";
		};
		5CD363EA203D559C003216C4 /* Api */ = {
			isa = PBXGroup;
			children = (
				5CD363EB203D55A7003216C4 /* Api.swift */,
				5CD363ED203D55BA003216C4 /* Api+User.swift */,
				5CD3640A203D6D32003216C4 /* Api+Todo.swift */,
				5CD3640C203D6D6A003216C4 /* Api+Post.swift */,
			);
			path = Api;
			sourceTree = "<group>";
		};
		5CD363F1203D5618003216C4 /* ViewModels */ = {
			isa = PBXGroup;
			children = (
				5CD363F2203D562D003216C4 /* MainViewModel.swift */,
			);
			path = ViewModels;
			sourceTree = "<group>";
		};
		5CD3640E203D7975003216C4 /* SectionDatas */ = {
			isa = PBXGroup;
			children = (
				5CD3640F203D7990003216C4 /* MainSectionData.swift */,
			);
			path = SectionDatas;
			sourceTree = "<group>";
		};
		88C484123F39592D6E1D038E /* Frameworks */ = {
			isa = PBXGroup;
			children = (
				0EC273006D6D399E8D860785 /* Pods_RxSwiftMVVMTableView.framework */,
			);
			name = Frameworks;
			sourceTree = "<group>";
		};
/* End PBXGroup section */

/* Begin PBXNativeTarget section */
		5CD363C4203D5003003216C4 /* RxSwiftMVVMTableView */ = {
			isa = PBXNativeTarget;
			buildConfigurationList = 5CD363D7203D5003003216C4 /* Build configuration list for PBXNativeTarget "RxSwiftMVVMTableView" */;
			buildPhases = (
				DF76FC5B6A0E8ED03A435EAC /* [CP] Check Pods Manifest.lock */,
				5CD363C1203D5003003216C4 /* Sources */,
				5CD363C2203D5003003216C4 /* Frameworks */,
				5CD363C3203D5003003216C4 /* Resources */,
				F8BB7C88FF3D641A1419B85D /* [CP] Embed Pods Frameworks */,
				3B6B65DBDE15DDF455C3E276 /* [CP] Copy Pods Resources */,
			);
			buildRules = (
			);
			dependencies = (
			);
			name = RxSwiftMVVMTableView;
			productName = RxSwiftMVVMTableView;
			productReference = 5CD363C5203D5003003216C4 /* RxSwiftMVVMTableView.app */;
			productType = "com.apple.product-type.application";
		};
/* End PBXNativeTarget section */

/* Begin PBXProject section */
		5CD363BD203D5002003216C4 /* Project object */ = {
			isa = PBXProject;
			attributes = {
				LastSwiftUpdateCheck = 0920;
				LastUpgradeCheck = 0920;
				ORGANIZATIONNAME = tokijh;
				TargetAttributes = {
					5CD363C4203D5003003216C4 = {
						CreatedOnToolsVersion = 9.2;
						ProvisioningStyle = Automatic;
					};
				};
			};
			buildConfigurationList = 5CD363C0203D5002003216C4 /* Build configuration list for PBXProject "RxSwiftMVVMTableView" */;
			compatibilityVersion = "Xcode 8.0";
			developmentRegion = en;
			hasScannedForEncodings = 0;
			knownRegions = (
				en,
				Base,
			);
			mainGroup = 5CD363BC203D5002003216C4;
			productRefGroup = 5CD363C6203D5003003216C4 /* Products */;
			projectDirPath = "";
			projectRoot = "";
			targets = (
				5CD363C4203D5003003216C4 /* RxSwiftMVVMTableView */,
			);
		};
/* End PBXProject section */

/* Begin PBXResourcesBuildPhase section */
		5CD363C3203D5003003216C4 /* Resources */ = {
			isa = PBXResourcesBuildPhase;
			buildActionMask = 2147483647;
			files = (
				5CD36401203D68E8003216C4 /* LICENSE in Resources */,
				5CD363D3203D5003003216C4 /* LaunchScreen.storyboard in Resources */,
				5CD363D0203D5003003216C4 /* Assets.xcassets in Resources */,
			);
			runOnlyForDeploymentPostprocessing = 0;
		};
/* End PBXResourcesBuildPhase section */

/* Begin PBXShellScriptBuildPhase section */
		3B6B65DBDE15DDF455C3E276 /* [CP] Copy Pods Resources */ = {
			isa = PBXShellScriptBuildPhase;
			buildActionMask = 2147483647;
			files = (
			);
			inputPaths = (
			);
			name = "[CP] Copy Pods Resources";
			outputPaths = (
			);
			runOnlyForDeploymentPostprocessing = 0;
			shellPath = /bin/sh;
			shellScript = "\"${SRCROOT}/Pods/Target Support Files/Pods-RxSwiftMVVMTableView/Pods-RxSwiftMVVMTableView-resources.sh\"\n";
			showEnvVarsInLog = 0;
		};
		DF76FC5B6A0E8ED03A435EAC /* [CP] Check Pods Manifest.lock */ = {
			isa = PBXShellScriptBuildPhase;
			buildActionMask = 2147483647;
			files = (
			);
			inputPaths = (
				"${PODS_PODFILE_DIR_PATH}/Podfile.lock",
				"${PODS_ROOT}/Manifest.lock",
			);
			name = "[CP] Check Pods Manifest.lock";
			outputPaths = (
				"$(DERIVED_FILE_DIR)/Pods-RxSwiftMVVMTableView-checkManifestLockResult.txt",
			);
			runOnlyForDeploymentPostprocessing = 0;
			shellPath = /bin/sh;
			shellScript = "diff \"${PODS_PODFILE_DIR_PATH}/Podfile.lock\" \"${PODS_ROOT}/Manifest.lock\" > /dev/null\nif [ $? != 0 ] ; then\n    # print error to STDERR\n    echo \"error: The sandbox is not in sync with the Podfile.lock. Run 'pod install' or update your CocoaPods installation.\" >&2\n    exit 1\nfi\n# This output is used by Xcode 'outputs' to avoid re-running this script phase.\necho \"SUCCESS\" > \"${SCRIPT_OUTPUT_FILE_0}\"\n";
			showEnvVarsInLog = 0;
		};
		F8BB7C88FF3D641A1419B85D /* [CP] Embed Pods Frameworks */ = {
			isa = PBXShellScriptBuildPhase;
			buildActionMask = 2147483647;
			files = (
			);
			inputPaths = (
				"${SRCROOT}/Pods/Target Support Files/Pods-RxSwiftMVVMTableView/Pods-RxSwiftMVVMTableView-frameworks.sh",
				"${BUILT_PRODUCTS_DIR}/Alamofire/Alamofire.framework",
				"${BUILT_PRODUCTS_DIR}/Differentiator/Differentiator.framework",
				"${BUILT_PRODUCTS_DIR}/ObjectMapper/ObjectMapper.framework",
				"${BUILT_PRODUCTS_DIR}/RxAlamofire/RxAlamofire.framework",
				"${BUILT_PRODUCTS_DIR}/RxCocoa/RxCocoa.framework",
				"${BUILT_PRODUCTS_DIR}/RxDataSources/RxDataSources.framework",
				"${BUILT_PRODUCTS_DIR}/RxGesture/RxGesture.framework",
				"${BUILT_PRODUCTS_DIR}/RxSwift/RxSwift.framework",
				"${BUILT_PRODUCTS_DIR}/SnapKit/SnapKit.framework",
			);
			name = "[CP] Embed Pods Frameworks";
			outputPaths = (
				"${TARGET_BUILD_DIR}/${FRAMEWORKS_FOLDER_PATH}/Alamofire.framework",
				"${TARGET_BUILD_DIR}/${FRAMEWORKS_FOLDER_PATH}/Differentiator.framework",
				"${TARGET_BUILD_DIR}/${FRAMEWORKS_FOLDER_PATH}/ObjectMapper.framework",
				"${TARGET_BUILD_DIR}/${FRAMEWORKS_FOLDER_PATH}/RxAlamofire.framework",
				"${TARGET_BUILD_DIR}/${FRAMEWORKS_FOLDER_PATH}/RxCocoa.framework",
				"${TARGET_BUILD_DIR}/${FRAMEWORKS_FOLDER_PATH}/RxDataSources.framework",
				"${TARGET_BUILD_DIR}/${FRAMEWORKS_FOLDER_PATH}/RxGesture.framework",
				"${TARGET_BUILD_DIR}/${FRAMEWORKS_FOLDER_PATH}/RxSwift.framework",
				"${TARGET_BUILD_DIR}/${FRAMEWORKS_FOLDER_PATH}/SnapKit.framework",
			);
			runOnlyForDeploymentPostprocessing = 0;
			shellPath = /bin/sh;
			shellScript = "\"${SRCROOT}/Pods/Target Support Files/Pods-RxSwiftMVVMTableView/Pods-RxSwiftMVVMTableView-frameworks.sh\"\n";
			showEnvVarsInLog = 0;
		};
/* End PBXShellScriptBuildPhase section */

/* Begin PBXSourcesBuildPhase section */
		5CD363C1203D5003003216C4 /* Sources */ = {
			isa = PBXSourcesBuildPhase;
			buildActionMask = 2147483647;
			files = (
				5CD36405203D6CC2003216C4 /* TodoTableCell.swift in Sources */,
				5CD363E9203D5581003216C4 /* RxAlamofire+ObjectMapper.swift in Sources */,
				5CD363C9203D5003003216C4 /* AppDelegate.swift in Sources */,
				5CD36410203D7990003216C4 /* MainSectionData.swift in Sources */,
				5CD363DC203D52E1003216C4 /* BaseViewController.swift in Sources */,
				5CD3640D203D6D6A003216C4 /* Api+Post.swift in Sources */,
				5CD363EE203D55BA003216C4 /* Api+User.swift in Sources */,
				5CD3640B203D6D32003216C4 /* Api+Todo.swift in Sources */,
				5CD36409203D6D14003216C4 /* Post.swift in Sources */,
				5CD363EC203D55A7003216C4 /* Api.swift in Sources */,
				5CD363F0203D55DC003216C4 /* User.swift in Sources */,
				5CD363DE203D537C003216C4 /* MainViewController.swift in Sources */,
				5CD36407203D6CF8003216C4 /* PostTableCell.swift in Sources */,
				5CD363F7203D575E003216C4 /* DisposeBagExtension.swift in Sources */,
				5CD363FA203D57A4003216C4 /* UserTableCell.swift in Sources */,
				5CD36403203D6C9A003216C4 /* Todo.swift in Sources */,
				5CD363F3203D562D003216C4 /* MainViewModel.swift in Sources */,
			);
			runOnlyForDeploymentPostprocessing = 0;
		};
/* End PBXSourcesBuildPhase section */

/* Begin PBXVariantGroup section */
		5CD363D1203D5003003216C4 /* LaunchScreen.storyboard */ = {
			isa = PBXVariantGroup;
			children = (
				5CD363D2203D5003003216C4 /* Base */,
			);
			name = LaunchScreen.storyboard;
			sourceTree = "<group>";
		};
/* End PBXVariantGroup section */

/* Begin XCBuildConfiguration section */
		5CD363D5203D5003003216C4 /* Debug */ = {
			isa = XCBuildConfiguration;
			buildSettings = {
				ALWAYS_SEARCH_USER_PATHS = NO;
				CLANG_ANALYZER_NONNULL = YES;
				CLANG_ANALYZER_NUMBER_OBJECT_CONVERSION = YES_AGGRESSIVE;
				CLANG_CXX_LANGUAGE_STANDARD = "gnu++14";
				CLANG_CXX_LIBRARY = "libc++";
				CLANG_ENABLE_MODULES = YES;
				CLANG_ENABLE_OBJC_ARC = YES;
				CLANG_WARN_BLOCK_CAPTURE_AUTORELEASING = YES;
				CLANG_WARN_BOOL_CONVERSION = YES;
				CLANG_WARN_COMMA = YES;
				CLANG_WARN_CONSTANT_CONVERSION = YES;
				CLANG_WARN_DIRECT_OBJC_ISA_USAGE = YES_ERROR;
				CLANG_WARN_DOCUMENTATION_COMMENTS = YES;
				CLANG_WARN_EMPTY_BODY = YES;
				CLANG_WARN_ENUM_CONVERSION = YES;
				CLANG_WARN_INFINITE_RECURSION = YES;
				CLANG_WARN_INT_CONVERSION = YES;
				CLANG_WARN_NON_LITERAL_NULL_CONVERSION = YES;
				CLANG_WARN_OBJC_LITERAL_CONVERSION = YES;
				CLANG_WARN_OBJC_ROOT_CLASS = YES_ERROR;
				CLANG_WARN_RANGE_LOOP_ANALYSIS = YES;
				CLANG_WARN_STRICT_PROTOTYPES = YES;
				CLANG_WARN_SUSPICIOUS_MOVE = YES;
				CLANG_WARN_UNGUARDED_AVAILABILITY = YES_AGGRESSIVE;
				CLANG_WARN_UNREACHABLE_CODE = YES;
				CLANG_WARN__DUPLICATE_METHOD_MATCH = YES;
				CODE_SIGN_IDENTITY = "iPhone Developer";
				COPY_PHASE_STRIP = NO;
				DEBUG_INFORMATION_FORMAT = dwarf;
				ENABLE_STRICT_OBJC_MSGSEND = YES;
				ENABLE_TESTABILITY = YES;
				GCC_C_LANGUAGE_STANDARD = gnu11;
				GCC_DYNAMIC_NO_PIC = NO;
				GCC_NO_COMMON_BLOCKS = YES;
				GCC_OPTIMIZATION_LEVEL = 0;
				GCC_PREPROCESSOR_DEFINITIONS = (
					"DEBUG=1",
					"$(inherited)",
				);
				GCC_WARN_64_TO_32_BIT_CONVERSION = YES;
				GCC_WARN_ABOUT_RETURN_TYPE = YES_ERROR;
				GCC_WARN_UNDECLARED_SELECTOR = YES;
				GCC_WARN_UNINITIALIZED_AUTOS = YES_AGGRESSIVE;
				GCC_WARN_UNUSED_FUNCTION = YES;
				GCC_WARN_UNUSED_VARIABLE = YES;
				IPHONEOS_DEPLOYMENT_TARGET = 11.2;
				MTL_ENABLE_DEBUG_INFO = YES;
				ONLY_ACTIVE_ARCH = YES;
				SDKROOT = iphoneos;
				SWIFT_ACTIVE_COMPILATION_CONDITIONS = DEBUG;
				SWIFT_OPTIMIZATION_LEVEL = "-Onone";
			};
			name = Debug;
		};
		5CD363D6203D5003003216C4 /* Release */ = {
			isa = XCBuildConfiguration;
			buildSettings = {
				ALWAYS_SEARCH_USER_PATHS = NO;
				CLANG_ANALYZER_NONNULL = YES;
				CLANG_ANALYZER_NUMBER_OBJECT_CONVERSION = YES_AGGRESSIVE;
				CLANG_CXX_LANGUAGE_STANDARD = "gnu++14";
				CLANG_CXX_LIBRARY = "libc++";
				CLANG_ENABLE_MODULES = YES;
				CLANG_ENABLE_OBJC_ARC = YES;
				CLANG_WARN_BLOCK_CAPTURE_AUTORELEASING = YES;
				CLANG_WARN_BOOL_CONVERSION = YES;
				CLANG_WARN_COMMA = YES;
				CLANG_WARN_CONSTANT_CONVERSION = YES;
				CLANG_WARN_DIRECT_OBJC_ISA_USAGE = YES_ERROR;
				CLANG_WARN_DOCUMENTATION_COMMENTS = YES;
				CLANG_WARN_EMPTY_BODY = YES;
				CLANG_WARN_ENUM_CONVERSION = YES;
				CLANG_WARN_INFINITE_RECURSION = YES;
				CLANG_WARN_INT_CONVERSION = YES;
				CLANG_WARN_NON_LITERAL_NULL_CONVERSION = YES;
				CLANG_WARN_OBJC_LITERAL_CONVERSION = YES;
				CLANG_WARN_OBJC_ROOT_CLASS = YES_ERROR;
				CLANG_WARN_RANGE_LOOP_ANALYSIS = YES;
				CLANG_WARN_STRICT_PROTOTYPES = YES;
				CLANG_WARN_SUSPICIOUS_MOVE = YES;
				CLANG_WARN_UNGUARDED_AVAILABILITY = YES_AGGRESSIVE;
				CLANG_WARN_UNREACHABLE_CODE = YES;
				CLANG_WARN__DUPLICATE_METHOD_MATCH = YES;
				CODE_SIGN_IDENTITY = "iPhone Developer";
				COPY_PHASE_STRIP = NO;
				DEBUG_INFORMATION_FORMAT = "dwarf-with-dsym";
				ENABLE_NS_ASSERTIONS = NO;
				ENABLE_STRICT_OBJC_MSGSEND = YES;
				GCC_C_LANGUAGE_STANDARD = gnu11;
				GCC_NO_COMMON_BLOCKS = YES;
				GCC_WARN_64_TO_32_BIT_CONVERSION = YES;
				GCC_WARN_ABOUT_RETURN_TYPE = YES_ERROR;
				GCC_WARN_UNDECLARED_SELECTOR = YES;
				GCC_WARN_UNINITIALIZED_AUTOS = YES_AGGRESSIVE;
				GCC_WARN_UNUSED_FUNCTION = YES;
				GCC_WARN_UNUSED_VARIABLE = YES;
				IPHONEOS_DEPLOYMENT_TARGET = 11.2;
				MTL_ENABLE_DEBUG_INFO = NO;
				SDKROOT = iphoneos;
				SWIFT_OPTIMIZATION_LEVEL = "-Owholemodule";
				VALIDATE_PRODUCT = YES;
			};
			name = Release;
		};
		5CD363D8203D5003003216C4 /* Debug */ = {
			isa = XCBuildConfiguration;
			baseConfigurationReference = 901E702EC6F970997CE74A26 /* Pods-RxSwiftMVVMTableView.debug.xcconfig */;
			buildSettings = {
				ASSETCATALOG_COMPILER_APPICON_NAME = AppIcon;
				CODE_SIGN_STYLE = Automatic;
				DEVELOPMENT_TEAM = 46KGHHF73Q;
				INFOPLIST_FILE = RxSwiftMVVMTableView/Info.plist;
				LD_RUNPATH_SEARCH_PATHS = "$(inherited) @executable_path/Frameworks";
				PRODUCT_BUNDLE_IDENTIFIER = tokijh.com.RxSwiftMVVMTableView;
				PRODUCT_NAME = "$(TARGET_NAME)";
				SWIFT_VERSION = 4.0;
				TARGETED_DEVICE_FAMILY = "1,2";
			};
			name = Debug;
		};
		5CD363D9203D5003003216C4 /* Release */ = {
			isa = XCBuildConfiguration;
			baseConfigurationReference = 12A1ACA45DF924C586F566A8 /* Pods-RxSwiftMVVMTableView.release.xcconfig */;
			buildSettings = {
				ASSETCATALOG_COMPILER_APPICON_NAME = AppIcon;
				CODE_SIGN_STYLE = Automatic;
				DEVELOPMENT_TEAM = 46KGHHF73Q;
				INFOPLIST_FILE = RxSwiftMVVMTableView/Info.plist;
				LD_RUNPATH_SEARCH_PATHS = "$(inherited) @executable_path/Frameworks";
				PRODUCT_BUNDLE_IDENTIFIER = tokijh.com.RxSwiftMVVMTableView;
				PRODUCT_NAME = "$(TARGET_NAME)";
				SWIFT_VERSION = 4.0;
				TARGETED_DEVICE_FAMILY = "1,2";
			};
			name = Release;
		};
/* End XCBuildConfiguration section */

/* Begin XCConfigurationList section */
		5CD363C0203D5002003216C4 /* Build configuration list for PBXProject "RxSwiftMVVMTableView" */ = {
			isa = XCConfigurationList;
			buildConfigurations = (
				5CD363D5203D5003003216C4 /* Debug */,
				5CD363D6203D5003003216C4 /* Release */,
			);
			defaultConfigurationIsVisible = 0;
			defaultConfigurationName = Release;
		};
		5CD363D7203D5003003216C4 /* Build configuration list for PBXNativeTarget "RxSwiftMVVMTableView" */ = {
			isa = XCConfigurationList;
			buildConfigurations = (
				5CD363D8203D5003003216C4 /* Debug */,
				5CD363D9203D5003003216C4 /* Release */,
			);
			defaultConfigurationIsVisible = 0;
			defaultConfigurationName = Release;
		};
/* End XCConfigurationList section */
	};
	rootObject = 5CD363BD203D5002003216C4 /* Project object */;
}
